
Microsoft Visual Studio Solution File, Format Version 12.00
# Visual Studio Version 17
VisualStudioVersion = 17.12.35506.116
MinimumVisualStudioVersion = 10.0.40219.1
Project("{FAE04EC0-301F-11D3-BF4B-00C04F79EFBC}") = "PiggsCare.UI", "PiggsCare.UI\PiggsCare.UI.csproj", "{85547551-F0A7-4675-85FB-D909565C0819}"
EndProject
Project("{FAE04EC0-301F-11D3-BF4B-00C04F79EFBC}") = "PiggsCare.Core", "PiggsCare.Core\PiggsCare.Core.csproj", "{4BCFEC8C-F164-4C0C-8559-BE09B50D5637}"
EndProject
Project("{FAE04EC0-301F-11D3-BF4B-00C04F79EFBC}") = "PiggsCare.Domain", "PiggsCare.Domain\PiggsCare.Domain.csproj", "{5BAA80ED-E63F-46E8-98FE-8553CBC837C3}"
EndProject
Project("{FAE04EC0-301F-11D3-BF4B-00C04F79EFBC}") = "PiggsCare.DataAccess", "PiggsCare.DataAccess\PiggsCare.DataAccess.csproj", "{D13F84AD-C46D-46B4-981C-365701DB1FFC}"
EndProject
Project("{FAE04EC0-301F-11D3-BF4B-00C04F79EFBC}") = "ModalDialogControl", "ModalDialogControl\ModalDialogControl.csproj", "{558CCAC0-3A9D-43F4-AD8B-71026433F39F}"
EndProject
Project("{C7167F0D-BC9F-4E6E-AFE1-012C56B48DB5}") = "PiggsCare.Installer", "PiggsCare.Installer\PiggsCare.Installer.wapproj", "{4A58E899-98BE-4450-B8B2-12F8B995B99D}"
EndProject
Global
	GlobalSection(SolutionConfigurationPlatforms) = preSolution
		Debug|Any CPU = Debug|Any CPU
		Debug|ARM = Debug|ARM
		Debug|ARM64 = Debug|ARM64
		Debug|x64 = Debug|x64
		Debug|x86 = Debug|x86
		Release|Any CPU = Release|Any CPU
		Release|ARM = Release|ARM
		Release|ARM64 = Release|ARM64
		Release|x64 = Release|x64
		Release|x86 = Release|x86
	EndGlobalSection
	GlobalSection(ProjectConfigurationPlatforms) = postSolution
		{85547551-F0A7-4675-85FB-D909565C0819}.Debug|Any CPU.ActiveCfg = Debug|Any CPU
		{85547551-F0A7-4675-85FB-D909565C0819}.Debug|Any CPU.Build.0 = Debug|Any CPU
		{85547551-F0A7-4675-85FB-D909565C0819}.Debug|ARM.ActiveCfg = Debug|Any CPU
		{85547551-F0A7-4675-85FB-D909565C0819}.Debug|ARM.Build.0 = Debug|Any CPU
		{85547551-F0A7-4675-85FB-D909565C0819}.Debug|ARM64.ActiveCfg = Debug|Any CPU
		{85547551-F0A7-4675-85FB-D909565C0819}.Debug|ARM64.Build.0 = Debug|Any CPU
		{85547551-F0A7-4675-85FB-D909565C0819}.Debug|x64.ActiveCfg = Debug|Any CPU
		{85547551-F0A7-4675-85FB-D909565C0819}.Debug|x64.Build.0 = Debug|Any CPU
		{85547551-F0A7-4675-85FB-D909565C0819}.Debug|x86.ActiveCfg = Debug|Any CPU
		{85547551-F0A7-4675-85FB-D909565C0819}.Debug|x86.Build.0 = Debug|Any CPU
		{85547551-F0A7-4675-85FB-D909565C0819}.Release|Any CPU.ActiveCfg = Release|Any CPU
		{85547551-F0A7-4675-85FB-D909565C0819}.Release|Any CPU.Build.0 = Release|Any CPU
		{85547551-F0A7-4675-85FB-D909565C0819}.Release|ARM.ActiveCfg = Release|Any CPU
		{85547551-F0A7-4675-85FB-D909565C0819}.Release|ARM.Build.0 = Release|Any CPU
		{85547551-F0A7-4675-85FB-D909565C0819}.Release|ARM64.ActiveCfg = Release|Any CPU
		{85547551-F0A7-4675-85FB-D909565C0819}.Release|ARM64.Build.0 = Release|Any CPU
		{85547551-F0A7-4675-85FB-D909565C0819}.Release|x64.ActiveCfg = Release|x64
		{85547551-F0A7-4675-85FB-D909565C0819}.Release|x64.Build.0 = Release|x64
		{85547551-F0A7-4675-85FB-D909565C0819}.Release|x86.ActiveCfg = Release|x86
		{85547551-F0A7-4675-85FB-D909565C0819}.Release|x86.Build.0 = Release|x86
		{4BCFEC8C-F164-4C0C-8559-BE09B50D5637}.Debug|Any CPU.ActiveCfg = Debug|Any CPU
		{4BCFEC8C-F164-4C0C-8559-BE09B50D5637}.Debug|Any CPU.Build.0 = Debug|Any CPU
		{4BCFEC8C-F164-4C0C-8559-BE09B50D5637}.Debug|ARM.ActiveCfg = Debug|Any CPU
		{4BCFEC8C-F164-4C0C-8559-BE09B50D5637}.Debug|ARM.Build.0 = Debug|Any CPU
		{4BCFEC8C-F164-4C0C-8559-BE09B50D5637}.Debug|ARM64.ActiveCfg = Debug|Any CPU
		{4BCFEC8C-F164-4C0C-8559-BE09B50D5637}.Debug|ARM64.Build.0 = Debug|Any CPU
		{4BCFEC8C-F164-4C0C-8559-BE09B50D5637}.Debug|x64.ActiveCfg = Debug|Any CPU
		{4BCFEC8C-F164-4C0C-8559-BE09B50D5637}.Debug|x64.Build.0 = Debug|Any CPU
		{4BCFEC8C-F164-4C0C-8559-BE09B50D5637}.Debug|x86.ActiveCfg = Debug|Any CPU
		{4BCFEC8C-F164-4C0C-8559-BE09B50D5637}.Debug|x86.Build.0 = Debug|Any CPU
		{4BCFEC8C-F164-4C0C-8559-BE09B50D5637}.Release|Any CPU.ActiveCfg = Release|Any CPU
		{4BCFEC8C-F164-4C0C-8559-BE09B50D5637}.Release|Any CPU.Build.0 = Release|Any CPU
		{4BCFEC8C-F164-4C0C-8559-BE09B50D5637}.Release|ARM.ActiveCfg = Release|Any CPU
		{4BCFEC8C-F164-4C0C-8559-BE09B50D5637}.Release|ARM.Build.0 = Release|Any CPU
		{4BCFEC8C-F164-4C0C-8559-BE09B50D5637}.Release|ARM64.ActiveCfg = Release|Any CPU
		{4BCFEC8C-F164-4C0C-8559-BE09B50D5637}.Release|ARM64.Build.0 = Release|Any CPU
		{4BCFEC8C-F164-4C0C-8559-BE09B50D5637}.Release|x64.ActiveCfg = Release|x64
		{4BCFEC8C-F164-4C0C-8559-BE09B50D5637}.Release|x64.Build.0 = Release|x64
		{4BCFEC8C-F164-4C0C-8559-BE09B50D5637}.Release|x86.ActiveCfg = Release|x86
		{4BCFEC8C-F164-4C0C-8559-BE09B50D5637}.Release|x86.Build.0 = Release|x86
		{5BAA80ED-E63F-46E8-98FE-8553CBC837C3}.Debug|Any CPU.ActiveCfg = Debug|Any CPU
		{5BAA80ED-E63F-46E8-98FE-8553CBC837C3}.Debug|Any CPU.Build.0 = Debug|Any CPU
		{5BAA80ED-E63F-46E8-98FE-8553CBC837C3}.Debug|ARM.ActiveCfg = Debug|Any CPU
		{5BAA80ED-E63F-46E8-98FE-8553CBC837C3}.Debug|ARM.Build.0 = Debug|Any CPU
		{5BAA80ED-E63F-46E8-98FE-8553CBC837C3}.Debug|ARM64.ActiveCfg = Debug|Any CPU
		{5BAA80ED-E63F-46E8-98FE-8553CBC837C3}.Debug|ARM64.Build.0 = Debug|Any CPU
		{5BAA80ED-E63F-46E8-98FE-8553CBC837C3}.Debug|x64.ActiveCfg = Debug|Any CPU
		{5BAA80ED-E63F-46E8-98FE-8553CBC837C3}.Debug|x64.Build.0 = Debug|Any CPU
		{5BAA80ED-E63F-46E8-98FE-8553CBC837C3}.Debug|x86.ActiveCfg = Debug|Any CPU
		{5BAA80ED-E63F-46E8-98FE-8553CBC837C3}.Debug|x86.Build.0 = Debug|Any CPU
		{5BAA80ED-E63F-46E8-98FE-8553CBC837C3}.Release|Any CPU.ActiveCfg = Release|Any CPU
		{5BAA80ED-E63F-46E8-98FE-8553CBC837C3}.Release|Any CPU.Build.0 = Release|Any CPU
		{5BAA80ED-E63F-46E8-98FE-8553CBC837C3}.Release|ARM.ActiveCfg = Release|Any CPU
		{5BAA80ED-E63F-46E8-98FE-8553CBC837C3}.Release|ARM.Build.0 = Release|Any CPU
		{5BAA80ED-E63F-46E8-98FE-8553CBC837C3}.Release|ARM64.ActiveCfg = Release|Any CPU
		{5BAA80ED-E63F-46E8-98FE-8553CBC837C3}.Release|ARM64.Build.0 = Release|Any CPU
		{5BAA80ED-E63F-46E8-98FE-8553CBC837C3}.Release|x64.ActiveCfg = Release|x64
		{5BAA80ED-E63F-46E8-98FE-8553CBC837C3}.Release|x64.Build.0 = Release|x64
		{5BAA80ED-E63F-46E8-98FE-8553CBC837C3}.Release|x86.ActiveCfg = Release|x86
		{5BAA80ED-E63F-46E8-98FE-8553CBC837C3}.Release|x86.Build.0 = Release|x86
		{D13F84AD-C46D-46B4-981C-365701DB1FFC}.Debug|Any CPU.ActiveCfg = Debug|Any CPU
		{D13F84AD-C46D-46B4-981C-365701DB1FFC}.Debug|Any CPU.Build.0 = Debug|Any CPU
		{D13F84AD-C46D-46B4-981C-365701DB1FFC}.Debug|ARM.ActiveCfg = Debug|Any CPU
		{D13F84AD-C46D-46B4-981C-365701DB1FFC}.Debug|ARM.Build.0 = Debug|Any CPU
		{D13F84AD-C46D-46B4-981C-365701DB1FFC}.Debug|ARM64.ActiveCfg = Debug|Any CPU
		{D13F84AD-C46D-46B4-981C-365701DB1FFC}.Debug|ARM64.Build.0 = Debug|Any CPU
		{D13F84AD-C46D-46B4-981C-365701DB1FFC}.Debug|x64.ActiveCfg = Debug|Any CPU
		{D13F84AD-C46D-46B4-981C-365701DB1FFC}.Debug|x64.Build.0 = Debug|Any CPU
		{D13F84AD-C46D-46B4-981C-365701DB1FFC}.Debug|x86.ActiveCfg = Debug|Any CPU
		{D13F84AD-C46D-46B4-981C-365701DB1FFC}.Debug|x86.Build.0 = Debug|Any CPU
		{D13F84AD-C46D-46B4-981C-365701DB1FFC}.Release|Any CPU.ActiveCfg = Release|Any CPU
		{D13F84AD-C46D-46B4-981C-365701DB1FFC}.Release|Any CPU.Build.0 = Release|Any CPU
		{D13F84AD-C46D-46B4-981C-365701DB1FFC}.Release|ARM.ActiveCfg = Release|Any CPU
		{D13F84AD-C46D-46B4-981C-365701DB1FFC}.Release|ARM.Build.0 = Release|Any CPU
		{D13F84AD-C46D-46B4-981C-365701DB1FFC}.Release|ARM64.ActiveCfg = Release|Any CPU
		{D13F84AD-C46D-46B4-981C-365701DB1FFC}.Release|ARM64.Build.0 = Release|Any CPU
		{D13F84AD-C46D-46B4-981C-365701DB1FFC}.Release|x64.ActiveCfg = Release|x64
		{D13F84AD-C46D-46B4-981C-365701DB1FFC}.Release|x64.Build.0 = Release|x64
		{D13F84AD-C46D-46B4-981C-365701DB1FFC}.Release|x86.ActiveCfg = Release|x86
		{D13F84AD-C46D-46B4-981C-365701DB1FFC}.Release|x86.Build.0 = Release|x86
		{558CCAC0-3A9D-43F4-AD8B-71026433F39F}.Debug|Any CPU.ActiveCfg = Debug|Any CPU
		{558CCAC0-3A9D-43F4-AD8B-71026433F39F}.Debug|Any CPU.Build.0 = Debug|Any CPU
		{558CCAC0-3A9D-43F4-AD8B-71026433F39F}.Debug|ARM.ActiveCfg = Debug|Any CPU
		{558CCAC0-3A9D-43F4-AD8B-71026433F39F}.Debug|ARM.Build.0 = Debug|Any CPU
		{558CCAC0-3A9D-43F4-AD8B-71026433F39F}.Debug|ARM64.ActiveCfg = Debug|Any CPU
		{558CCAC0-3A9D-43F4-AD8B-71026433F39F}.Debug|ARM64.Build.0 = Debug|Any CPU
		{558CCAC0-3A9D-43F4-AD8B-71026433F39F}.Debug|x64.ActiveCfg = Debug|Any CPU
		{558CCAC0-3A9D-43F4-AD8B-71026433F39F}.Debug|x64.Build.0 = Debug|Any CPU
		{558CCAC0-3A9D-43F4-AD8B-71026433F39F}.Debug|x86.ActiveCfg = Debug|Any CPU
		{558CCAC0-3A9D-43F4-AD8B-71026433F39F}.Debug|x86.Build.0 = Debug|Any CPU
		{558CCAC0-3A9D-43F4-AD8B-71026433F39F}.Release|Any CPU.ActiveCfg = Release|Any CPU
		{558CCAC0-3A9D-43F4-AD8B-71026433F39F}.Release|Any CPU.Build.0 = Release|Any CPU
		{558CCAC0-3A9D-43F4-AD8B-71026433F39F}.Release|ARM.ActiveCfg = Release|Any CPU
		{558CCAC0-3A9D-43F4-AD8B-71026433F39F}.Release|ARM.Build.0 = Release|Any CPU
		{558CCAC0-3A9D-43F4-AD8B-71026433F39F}.Release|ARM64.ActiveCfg = Release|Any CPU
		{558CCAC0-3A9D-43F4-AD8B-71026433F39F}.Release|ARM64.Build.0 = Release|Any CPU
		{558CCAC0-3A9D-43F4-AD8B-71026433F39F}.Release|x64.ActiveCfg = Release|x64
		{558CCAC0-3A9D-43F4-AD8B-71026433F39F}.Release|x64.Build.0 = Release|x64
		{558CCAC0-3A9D-43F4-AD8B-71026433F39F}.Release|x86.ActiveCfg = Release|x86
		{558CCAC0-3A9D-43F4-AD8B-71026433F39F}.Release|x86.Build.0 = Release|x86
		{4A58E899-98BE-4450-B8B2-12F8B995B99D}.Debug|Any CPU.ActiveCfg = Debug|Any CPU
		{4A58E899-98BE-4450-B8B2-12F8B995B99D}.Debug|Any CPU.Build.0 = Debug|Any CPU
		{4A58E899-98BE-4450-B8B2-12F8B995B99D}.Debug|Any CPU.Deploy.0 = Debug|Any CPU
		{4A58E899-98BE-4450-B8B2-12F8B995B99D}.Debug|ARM.ActiveCfg = Debug|ARM
		{4A58E899-98BE-4450-B8B2-12F8B995B99D}.Debug|ARM.Build.0 = Debug|ARM
		{4A58E899-98BE-4450-B8B2-12F8B995B99D}.Debug|ARM.Deploy.0 = Debug|ARM
		{4A58E899-98BE-4450-B8B2-12F8B995B99D}.Debug|ARM64.ActiveCfg = Debug|ARM64
		{4A58E899-98BE-4450-B8B2-12F8B995B99D}.Debug|ARM64.Build.0 = Debug|ARM64
		{4A58E899-98BE-4450-B8B2-12F8B995B99D}.Debug|ARM64.Deploy.0 = Debug|ARM64
		{4A58E899-98BE-4450-B8B2-12F8B995B99D}.Debug|x64.ActiveCfg = Debug|x64
		{4A58E899-98BE-4450-B8B2-12F8B995B99D}.Debug|x64.Build.0 = Debug|x64
		{4A58E899-98BE-4450-B8B2-12F8B995B99D}.Debug|x64.Deploy.0 = Debug|x64
		{4A58E899-98BE-4450-B8B2-12F8B995B99D}.Debug|x86.ActiveCfg = Debug|x86
		{4A58E899-98BE-4450-B8B2-12F8B995B99D}.Debug|x86.Build.0 = Debug|x86
		{4A58E899-98BE-4450-B8B2-12F8B995B99D}.Debug|x86.Deploy.0 = Debug|x86
		{4A58E899-98BE-4450-B8B2-12F8B995B99D}.Release|Any CPU.ActiveCfg = Release|Any CPU
		{4A58E899-98BE-4450-B8B2-12F8B995B99D}.Release|Any CPU.Build.0 = Release|Any CPU
		{4A58E899-98BE-4450-B8B2-12F8B995B99D}.Release|Any CPU.Deploy.0 = Release|Any CPU
		{4A58E899-98BE-4450-B8B2-12F8B995B99D}.Release|ARM.ActiveCfg = Release|ARM
		{4A58E899-98BE-4450-B8B2-12F8B995B99D}.Release|ARM.Build.0 = Release|ARM
		{4A58E899-98BE-4450-B8B2-12F8B995B99D}.Release|ARM.Deploy.0 = Release|ARM
		{4A58E899-98BE-4450-B8B2-12F8B995B99D}.Release|ARM64.ActiveCfg = Release|ARM64
		{4A58E899-98BE-4450-B8B2-12F8B995B99D}.Release|ARM64.Build.0 = Release|ARM64
		{4A58E899-98BE-4450-B8B2-12F8B995B99D}.Release|ARM64.Deploy.0 = Release|ARM64
		{4A58E899-98BE-4450-B8B2-12F8B995B99D}.Release|x64.ActiveCfg = Release|x64
		{4A58E899-98BE-4450-B8B2-12F8B995B99D}.Release|x64.Build.0 = Release|x64
		{4A58E899-98BE-4450-B8B2-12F8B995B99D}.Release|x64.Deploy.0 = Release|x64
		{4A58E899-98BE-4450-B8B2-12F8B995B99D}.Release|x86.ActiveCfg = Release|x86
		{4A58E899-98BE-4450-B8B2-12F8B995B99D}.Release|x86.Build.0 = Release|x86
		{4A58E899-98BE-4450-B8B2-12F8B995B99D}.Release|x86.Deploy.0 = Release|x86
	EndGlobalSection
	GlobalSection(SolutionProperties) = preSolution
		HideSolutionNode = FALSE
	EndGlobalSection
	GlobalSection(ExtensibilityGlobals) = postSolution
		SolutionGuid = {51A863B2-3951-424D-B1F0-2ECA59683A1C}
	EndGlobalSection
EndGlobal
